
Microsoft Visual Studio Solution File, Format Version 12.00
# Visual Studio Version 16
VisualStudioVersion = 16.0.30225.117
MinimumVisualStudioVersion = 10.0.40219.1
Project("{FAE04EC0-301F-11D3-BF4B-00C04F79EFBC}") = "SocketServerMeter", "SocketServerMeter\SocketServerMeter.csproj", "{71A0155A-1341-41EC-87A4-CAFEA0715B5B}"
EndProject
Global
	GlobalSection(SolutionConfigurationPlatforms) = preSolution
		Debug|Any CPU = Debug|Any CPU
		Release|Any CPU = Release|Any CPU
	EndGlobalSection
	GlobalSection(ProjectConfigurationPlatforms) = postSolution
		{71A0155A-1341-41EC-87A4-CAFEA0715B5B}.Debug|Any CPU.ActiveCfg = Debug|Any CPU
		{71A0155A-1341-41EC-87A4-CAFEA0715B5B}.Debug|Any CPU.Build.0 = Debug|Any CPU
		{71A0155A-1341-41EC-87A4-CAFEA0715B5B}.Release|Any CPU.ActiveCfg = Release|Any CPU
		{71A0155A-1341-41EC-87A4-CAFEA0715B5B}.Release|Any CPU.Build.0 = Release|Any CPU
	EndGlobalSection
	GlobalSection(SolutionProperties) = preSolution
		HideSolutionNode = FALSE
	EndGlobalSection
	GlobalSection(ExtensibilityGlobals) = postSolution
		SolutionGuid = {E7347292-58A7-4634-A05F-C61FC2314D02}
	EndGlobalSection
EndGlobal
